
Microsoft Visual Studio Solution File, Format Version 12.00
# Visual Studio 15
VisualStudioVersion = 15.0.28010.2046
MinimumVisualStudioVersion = 10.0.40219.1
Project("{FAE04EC0-301F-11D3-BF4B-00C04F79EFBC}") = "ATM", "ATM\ATM.csproj", "{DEAEE99A-0812-4BE7-9274-DCB4A2623A05}"
EndProject
Project("{FAE04EC0-301F-11D3-BF4B-00C04F79EFBC}") = "DTO", "DTO\DTO.csproj", "{3F7EA63A-8A8C-4822-A87C-DC3A6D7C4B10}"
EndProject
Project("{FAE04EC0-301F-11D3-BF4B-00C04F79EFBC}") = "DAL", "DAL\DAL.csproj", "{F2971F19-3629-4080-A4CC-2B68FEBF4B28}"
EndProject
Project("{FAE04EC0-301F-11D3-BF4B-00C04F79EFBC}") = "BUL", "BUL\BUL.csproj", "{B038B7FC-0C61-48FA-934D-35598CDEEDF5}"
EndProject
Global
	GlobalSection(SolutionConfigurationPlatforms) = preSolution
		Debug|Any CPU = Debug|Any CPU
		Release|Any CPU = Release|Any CPU
	EndGlobalSection
	GlobalSection(ProjectConfigurationPlatforms) = postSolution
		{DEAEE99A-0812-4BE7-9274-DCB4A2623A05}.Debug|Any CPU.ActiveCfg = Debug|Any CPU
		{DEAEE99A-0812-4BE7-9274-DCB4A2623A05}.Debug|Any CPU.Build.0 = Debug|Any CPU
		{DEAEE99A-0812-4BE7-9274-DCB4A2623A05}.Release|Any CPU.ActiveCfg = Release|Any CPU
		{DEAEE99A-0812-4BE7-9274-DCB4A2623A05}.Release|Any CPU.Build.0 = Release|Any CPU
		{3F7EA63A-8A8C-4822-A87C-DC3A6D7C4B10}.Debug|Any CPU.ActiveCfg = Debug|Any CPU
		{3F7EA63A-8A8C-4822-A87C-DC3A6D7C4B10}.Debug|Any CPU.Build.0 = Debug|Any CPU
		{3F7EA63A-8A8C-4822-A87C-DC3A6D7C4B10}.Release|Any CPU.ActiveCfg = Release|Any CPU
		{3F7EA63A-8A8C-4822-A87C-DC3A6D7C4B10}.Release|Any CPU.Build.0 = Release|Any CPU
		{F2971F19-3629-4080-A4CC-2B68FEBF4B28}.Debug|Any CPU.ActiveCfg = Debug|Any CPU
		{F2971F19-3629-4080-A4CC-2B68FEBF4B28}.Debug|Any CPU.Build.0 = Debug|Any CPU
		{F2971F19-3629-4080-A4CC-2B68FEBF4B28}.Release|Any CPU.ActiveCfg = Release|Any CPU
		{F2971F19-3629-4080-A4CC-2B68FEBF4B28}.Release|Any CPU.Build.0 = Release|Any CPU
		{B038B7FC-0C61-48FA-934D-35598CDEEDF5}.Debug|Any CPU.ActiveCfg = Debug|Any CPU
		{B038B7FC-0C61-48FA-934D-35598CDEEDF5}.Debug|Any CPU.Build.0 = Debug|Any CPU
		{B038B7FC-0C61-48FA-934D-35598CDEEDF5}.Release|Any CPU.ActiveCfg = Release|Any CPU
		{B038B7FC-0C61-48FA-934D-35598CDEEDF5}.Release|Any CPU.Build.0 = Release|Any CPU
	EndGlobalSection
	GlobalSection(SolutionProperties) = preSolution
		HideSolutionNode = FALSE
	EndGlobalSection
	GlobalSection(ExtensibilityGlobals) = postSolution
		SolutionGuid = {CE8C4CEB-C7DA-4C56-A4F4-D9A6103BB5F0}
	EndGlobalSection
EndGlobal
